// !$*UTF8*$!
{
	archiveVersion = 1;
	classes = {
	};
	objectVersion = 56;
	objects = {

/* Begin PBXBuildFile section */
		E2A8F6832BE7BD510009F43F /* vitalcheckApp.swift in Sources */ = {isa = PBXBuildFile; fileRef = E2A8F6822BE7BD510009F43F /* vitalcheckApp.swift */; };
		E2A8F6852BE7BD510009F43F /* ContentView.swift in Sources */ = {isa = PBXBuildFile; fileRef = E2A8F6842BE7BD510009F43F /* ContentView.swift */; };
		E2A8F6872BE7BD540009F43F /* Assets.xcassets in Resources */ = {isa = PBXBuildFile; fileRef = E2A8F6862BE7BD540009F43F /* Assets.xcassets */; };
		E2A8F68A2BE7BD540009F43F /* Preview Assets.xcassets in Resources */ = {isa = PBXBuildFile; fileRef = E2A8F6892BE7BD540009F43F /* Preview Assets.xcassets */; };
		E2A8F68C2BE7BD540009F43F /* Persistence.swift in Sources */ = {isa = PBXBuildFile; fileRef = E2A8F68B2BE7BD540009F43F /* Persistence.swift */; };
		E2A8F68F2BE7BD540009F43F /* vitalcheck.xcdatamodeld in Sources */ = {isa = PBXBuildFile; fileRef = E2A8F68D2BE7BD540009F43F /* vitalcheck.xcdatamodeld */; };
		E2A8F6982BE7BD8B0009F43F /* CppCode.cpp in Sources */ = {isa = PBXBuildFile; fileRef = E2A8F6962BE7BD8B0009F43F /* CppCode.cpp */; };
		E2A8F69A2BE7BE8F0009F43F /* CppWrapper.mm in Sources */ = {isa = PBXBuildFile; fileRef = E2A8F6992BE7BE8F0009F43F /* CppWrapper.mm */; };
		E2A8F69D2BE7C9650009F43F /* SwiftWrapper.swift in Sources */ = {isa = PBXBuildFile; fileRef = E2A8F69C2BE7C9650009F43F /* SwiftWrapper.swift */; };
/* End PBXBuildFile section */

/* Begin PBXFileReference section */
		E2A8F67F2BE7BD510009F43F /* Vitalcheck.app */ = {isa = PBXFileReference; explicitFileType = wrapper.application; includeInIndex = 0; path = Vitalcheck.app; sourceTree = BUILT_PRODUCTS_DIR; };
		E2A8F6822BE7BD510009F43F /* vitalcheckApp.swift */ = {isa = PBXFileReference; lastKnownFileType = sourcecode.swift; path = vitalcheckApp.swift; sourceTree = "<group>"; };
		E2A8F6842BE7BD510009F43F /* ContentView.swift */ = {isa = PBXFileReference; lastKnownFileType = sourcecode.swift; path = ContentView.swift; sourceTree = "<group>"; };
		E2A8F6862BE7BD540009F43F /* Assets.xcassets */ = {isa = PBXFileReference; lastKnownFileType = folder.assetcatalog; path = Assets.xcassets; sourceTree = "<group>"; };
		E2A8F6892BE7BD540009F43F /* Preview Assets.xcassets */ = {isa = PBXFileReference; lastKnownFileType = folder.assetcatalog; path = "Preview Assets.xcassets"; sourceTree = "<group>"; };
		E2A8F68B2BE7BD540009F43F /* Persistence.swift */ = {isa = PBXFileReference; lastKnownFileType = sourcecode.swift; path = Persistence.swift; sourceTree = "<group>"; };
		E2A8F68E2BE7BD540009F43F /* vitalcheck.xcdatamodel */ = {isa = PBXFileReference; lastKnownFileType = wrapper.xcdatamodel; path = vitalcheck.xcdatamodel; sourceTree = "<group>"; };
		E2A8F6952BE7BD8B0009F43F /* vitalcheck-Bridging-Header.h */ = {isa = PBXFileReference; lastKnownFileType = sourcecode.c.h; path = "vitalcheck-Bridging-Header.h"; sourceTree = "<group>"; };
		E2A8F6962BE7BD8B0009F43F /* CppCode.cpp */ = {isa = PBXFileReference; lastKnownFileType = sourcecode.cpp.cpp; path = CppCode.cpp; sourceTree = "<group>"; };
		E2A8F6972BE7BD8B0009F43F /* CppCode.hpp */ = {isa = PBXFileReference; lastKnownFileType = sourcecode.cpp.h; path = CppCode.hpp; sourceTree = "<group>"; };
		E2A8F6992BE7BE8F0009F43F /* CppWrapper.mm */ = {isa = PBXFileReference; lastKnownFileType = sourcecode.cpp.objcpp; path = CppWrapper.mm; sourceTree = "<group>"; };
		E2A8F69B2BE7BEB30009F43F /* CppWrapper.h */ = {isa = PBXFileReference; lastKnownFileType = sourcecode.c.h; path = CppWrapper.h; sourceTree = "<group>"; };
		E2A8F69C2BE7C9650009F43F /* SwiftWrapper.swift */ = {isa = PBXFileReference; lastKnownFileType = sourcecode.swift; path = SwiftWrapper.swift; sourceTree = "<group>"; };
/* End PBXFileReference section */

/* Begin PBXFrameworksBuildPhase section */
		E2A8F67C2BE7BD510009F43F /* Frameworks */ = {
			isa = PBXFrameworksBuildPhase;
			buildActionMask = 2147483647;
			files = (
			);
			runOnlyForDeploymentPostprocessing = 0;
		};
/* End PBXFrameworksBuildPhase section */

/* Begin PBXGroup section */
		E2A8F6762BE7BD510009F43F = {
			isa = PBXGroup;
			children = (
				E2A8F6812BE7BD510009F43F /* vitalcheck */,
				E2A8F6802BE7BD510009F43F /* Products */,
			);
			sourceTree = "<group>";
		};
		E2A8F6802BE7BD510009F43F /* Products */ = {
			isa = PBXGroup;
			children = (
				E2A8F67F2BE7BD510009F43F /* Vitalcheck.app */,
			);
			name = Products;
			sourceTree = "<group>";
		};
		E2A8F6812BE7BD510009F43F /* vitalcheck */ = {
			isa = PBXGroup;
			children = (
				E2A8F6822BE7BD510009F43F /* vitalcheckApp.swift */,
				E2A8F6842BE7BD510009F43F /* ContentView.swift */,
				E2A8F6962BE7BD8B0009F43F /* CppCode.cpp */,
				E2A8F6992BE7BE8F0009F43F /* CppWrapper.mm */,
				E2A8F69C2BE7C9650009F43F /* SwiftWrapper.swift */,
				E2A8F69B2BE7BEB30009F43F /* CppWrapper.h */,
				E2A8F6972BE7BD8B0009F43F /* CppCode.hpp */,
				E2A8F6862BE7BD540009F43F /* Assets.xcassets */,
				E2A8F68B2BE7BD540009F43F /* Persistence.swift */,
				E2A8F68D2BE7BD540009F43F /* vitalcheck.xcdatamodeld */,
				E2A8F6882BE7BD540009F43F /* Preview Content */,
				E2A8F6952BE7BD8B0009F43F /* vitalcheck-Bridging-Header.h */,
			);
			path = vitalcheck;
			sourceTree = "<group>";
		};
		E2A8F6882BE7BD540009F43F /* Preview Content */ = {
			isa = PBXGroup;
			children = (
				E2A8F6892BE7BD540009F43F /* Preview Assets.xcassets */,
			);
			path = "Preview Content";
			sourceTree = "<group>";
		};
/* End PBXGroup section */

/* Begin PBXNativeTarget section */
		E2A8F67E2BE7BD510009F43F /* Vitalcheck */ = {
			isa = PBXNativeTarget;
			buildConfigurationList = E2A8F6922BE7BD540009F43F /* Build configuration list for PBXNativeTarget "Vitalcheck" */;
			buildPhases = (
				E2A8F67B2BE7BD510009F43F /* Sources */,
				E2A8F67C2BE7BD510009F43F /* Frameworks */,
				E2A8F67D2BE7BD510009F43F /* Resources */,
			);
			buildRules = (
			);
			dependencies = (
			);
			name = Vitalcheck;
			productName = vitalcheck;
			productReference = E2A8F67F2BE7BD510009F43F /* Vitalcheck.app */;
			productType = "com.apple.product-type.application";
		};
/* End PBXNativeTarget section */

/* Begin PBXProject section */
		E2A8F6772BE7BD510009F43F /* Project object */ = {
			isa = PBXProject;
			attributes = {
				BuildIndependentTargetsInParallel = 1;
				LastSwiftUpdateCheck = 1430;
				LastUpgradeCheck = 1430;
				TargetAttributes = {
					E2A8F67E2BE7BD510009F43F = {
						CreatedOnToolsVersion = 14.3.1;
						LastSwiftMigration = 1430;
					};
				};
			};
			buildConfigurationList = E2A8F67A2BE7BD510009F43F /* Build configuration list for PBXProject "Vitalcheck" */;
			compatibilityVersion = "Xcode 14.0";
			developmentRegion = en;
			hasScannedForEncodings = 0;
			knownRegions = (
				en,
				Base,
			);
			mainGroup = E2A8F6762BE7BD510009F43F;
			productRefGroup = E2A8F6802BE7BD510009F43F /* Products */;
			projectDirPath = "";
			projectRoot = "";
			targets = (
				E2A8F67E2BE7BD510009F43F /* Vitalcheck */,
			);
		};
/* End PBXProject section */

/* Begin PBXResourcesBuildPhase section */
		E2A8F67D2BE7BD510009F43F /* Resources */ = {
			isa = PBXResourcesBuildPhase;
			buildActionMask = 2147483647;
			files = (
				E2A8F68A2BE7BD540009F43F /* Preview Assets.xcassets in Resources */,
				E2A8F6872BE7BD540009F43F /* Assets.xcassets in Resources */,
			);
			runOnlyForDeploymentPostprocessing = 0;
		};
/* End PBXResourcesBuildPhase section */

/* Begin PBXSourcesBuildPhase section */
		E2A8F67B2BE7BD510009F43F /* Sources */ = {
			isa = PBXSourcesBuildPhase;
			buildActionMask = 2147483647;
			files = (
				E2A8F68C2BE7BD540009F43F /* Persistence.swift in Sources */,
				E2A8F68F2BE7BD540009F43F /* vitalcheck.xcdatamodeld in Sources */,
				E2A8F6982BE7BD8B0009F43F /* CppCode.cpp in Sources */,
				E2A8F69D2BE7C9650009F43F /* SwiftWrapper.swift in Sources */,
				E2A8F69A2BE7BE8F0009F43F /* CppWrapper.mm in Sources */,
				E2A8F6852BE7BD510009F43F /* ContentView.swift in Sources */,
				E2A8F6832BE7BD510009F43F /* vitalcheckApp.swift in Sources */,
			);
			runOnlyForDeploymentPostprocessing = 0;
		};
/* End PBXSourcesBuildPhase section */

/* Begin XCBuildConfiguration section */
		E2A8F6902BE7BD540009F43F /* Debug */ = {
			isa = XCBuildConfiguration;
			buildSettings = {
				ALWAYS_SEARCH_USER_PATHS = NO;
				CLANG_ANALYZER_NONNULL = YES;
				CLANG_ANALYZER_NUMBER_OBJECT_CONVERSION = YES_AGGRESSIVE;
				CLANG_CXX_LANGUAGE_STANDARD = "gnu++20";
				CLANG_ENABLE_MODULES = YES;
				CLANG_ENABLE_OBJC_ARC = YES;
				CLANG_ENABLE_OBJC_WEAK = YES;
				CLANG_WARN_BLOCK_CAPTURE_AUTORELEASING = YES;
				CLANG_WARN_BOOL_CONVERSION = YES;
				CLANG_WARN_COMMA = YES;
				CLANG_WARN_CONSTANT_CONVERSION = YES;
				CLANG_WARN_DEPRECATED_OBJC_IMPLEMENTATIONS = YES;
				CLANG_WARN_DIRECT_OBJC_ISA_USAGE = YES_ERROR;
				CLANG_WARN_DOCUMENTATION_COMMENTS = YES;
				CLANG_WARN_EMPTY_BODY = YES;
				CLANG_WARN_ENUM_CONVERSION = YES;
				CLANG_WARN_INFINITE_RECURSION = YES;
				CLANG_WARN_INT_CONVERSION = YES;
				CLANG_WARN_NON_LITERAL_NULL_CONVERSION = YES;
				CLANG_WARN_OBJC_IMPLICIT_RETAIN_SELF = YES;
				CLANG_WARN_OBJC_LITERAL_CONVERSION = YES;
				CLANG_WARN_OBJC_ROOT_CLASS = YES_ERROR;
				CLANG_WARN_QUOTED_INCLUDE_IN_FRAMEWORK_HEADER = YES;
				CLANG_WARN_RANGE_LOOP_ANALYSIS = YES;
				CLANG_WARN_STRICT_PROTOTYPES = YES;
				CLANG_WARN_SUSPICIOUS_MOVE = YES;
				CLANG_WARN_UNGUARDED_AVAILABILITY = YES_AGGRESSIVE;
				CLANG_WARN_UNREACHABLE_CODE = YES;
				CLANG_WARN__DUPLICATE_METHOD_MATCH = YES;
				COPY_PHASE_STRIP = NO;
				DEBUG_INFORMATION_FORMAT = dwarf;
				ENABLE_STRICT_OBJC_MSGSEND = YES;
				ENABLE_TESTABILITY = YES;
				GCC_C_LANGUAGE_STANDARD = gnu11;
				GCC_DYNAMIC_NO_PIC = NO;
				GCC_NO_COMMON_BLOCKS = YES;
				GCC_OPTIMIZATION_LEVEL = 0;
				GCC_PREPROCESSOR_DEFINITIONS = (
					"DEBUG=1",
					"$(inherited)",
				);
				GCC_WARN_64_TO_32_BIT_CONVERSION = YES;
				GCC_WARN_ABOUT_RETURN_TYPE = YES_ERROR;
				GCC_WARN_UNDECLARED_SELECTOR = YES;
				GCC_WARN_UNINITIALIZED_AUTOS = YES_AGGRESSIVE;
				GCC_WARN_UNUSED_FUNCTION = YES;
				GCC_WARN_UNUSED_VARIABLE = YES;
				IPHONEOS_DEPLOYMENT_TARGET = 16.4;
				MTL_ENABLE_DEBUG_INFO = INCLUDE_SOURCE;
				MTL_FAST_MATH = YES;
				ONLY_ACTIVE_ARCH = YES;
				SDKROOT = iphoneos;
				SWIFT_ACTIVE_COMPILATION_CONDITIONS = DEBUG;
				SWIFT_OPTIMIZATION_LEVEL = "-Onone";
			};
			name = Debug;
		};
		E2A8F6912BE7BD540009F43F /* Release */ = {
			isa = XCBuildConfiguration;
			buildSettings = {
				ALWAYS_SEARCH_USER_PATHS = NO;
				CLANG_ANALYZER_NONNULL = YES;
				CLANG_ANALYZER_NUMBER_OBJECT_CONVERSION = YES_AGGRESSIVE;
				CLANG_CXX_LANGUAGE_STANDARD = "gnu++20";
				CLANG_ENABLE_MODULES = YES;
				CLANG_ENABLE_OBJC_ARC = YES;
				CLANG_ENABLE_OBJC_WEAK = YES;
				CLANG_WARN_BLOCK_CAPTURE_AUTORELEASING = YES;
				CLANG_WARN_BOOL_CONVERSION = YES;
				CLANG_WARN_COMMA = YES;
				CLANG_WARN_CONSTANT_CONVERSION = YES;
				CLANG_WARN_DEPRECATED_OBJC_IMPLEMENTATIONS = YES;
				CLANG_WARN_DIRECT_OBJC_ISA_USAGE = YES_ERROR;
				CLANG_WARN_DOCUMENTATION_COMMENTS = YES;
				CLANG_WARN_EMPTY_BODY = YES;
				CLANG_WARN_ENUM_CONVERSION = YES;
				CLANG_WARN_INFINITE_RECURSION = YES;
				CLANG_WARN_INT_CONVERSION = YES;
				CLANG_WARN_NON_LITERAL_NULL_CONVERSION = YES;
				CLANG_WARN_OBJC_IMPLICIT_RETAIN_SELF = YES;
				CLANG_WARN_OBJC_LITERAL_CONVERSION = YES;
				CLANG_WARN_OBJC_ROOT_CLASS = YES_ERROR;
				CLANG_WARN_QUOTED_INCLUDE_IN_FRAMEWORK_HEADER = YES;
				CLANG_WARN_RANGE_LOOP_ANALYSIS = YES;
				CLANG_WARN_STRICT_PROTOTYPES = YES;
				CLANG_WARN_SUSPICIOUS_MOVE = YES;
				CLANG_WARN_UNGUARDED_AVAILABILITY = YES_AGGRESSIVE;
				CLANG_WARN_UNREACHABLE_CODE = YES;
				CLANG_WARN__DUPLICATE_METHOD_MATCH = YES;
				COPY_PHASE_STRIP = NO;
				DEBUG_INFORMATION_FORMAT = "dwarf-with-dsym";
				ENABLE_NS_ASSERTIONS = NO;
				ENABLE_STRICT_OBJC_MSGSEND = YES;
				GCC_C_LANGUAGE_STANDARD = gnu11;
				GCC_NO_COMMON_BLOCKS = YES;
				GCC_WARN_64_TO_32_BIT_CONVERSION = YES;
				GCC_WARN_ABOUT_RETURN_TYPE = YES_ERROR;
				GCC_WARN_UNDECLARED_SELECTOR = YES;
				GCC_WARN_UNINITIALIZED_AUTOS = YES_AGGRESSIVE;
				GCC_WARN_UNUSED_FUNCTION = YES;
				GCC_WARN_UNUSED_VARIABLE = YES;
				IPHONEOS_DEPLOYMENT_TARGET = 16.4;
				MTL_ENABLE_DEBUG_INFO = NO;
				MTL_FAST_MATH = YES;
				SDKROOT = iphoneos;
				SWIFT_COMPILATION_MODE = wholemodule;
				SWIFT_OPTIMIZATION_LEVEL = "-O";
				VALIDATE_PRODUCT = YES;
			};
			name = Release;
		};
		E2A8F6932BE7BD540009F43F /* Debug */ = {
			isa = XCBuildConfiguration;
			buildSettings = {
				ASSETCATALOG_COMPILER_APPICON_NAME = AppIcon;
				ASSETCATALOG_COMPILER_GLOBAL_ACCENT_COLOR_NAME = AccentColor;
				CLANG_ENABLE_MODULES = YES;
				CODE_SIGN_STYLE = Automatic;
				CURRENT_PROJECT_VERSION = 1;
				DEVELOPMENT_ASSET_PATHS = "\"vitalcheck/Preview Content\"";
				ENABLE_PREVIEWS = YES;
				GENERATE_INFOPLIST_FILE = YES;
				INFOPLIST_KEY_UIApplicationSceneManifest_Generation = YES;
				INFOPLIST_KEY_UIApplicationSupportsIndirectInputEvents = YES;
				INFOPLIST_KEY_UILaunchScreen_Generation = YES;
				INFOPLIST_KEY_UISupportedInterfaceOrientations_iPad = "UIInterfaceOrientationPortrait UIInterfaceOrientationPortraitUpsideDown UIInterfaceOrientationLandscapeLeft UIInterfaceOrientationLandscapeRight";
				INFOPLIST_KEY_UISupportedInterfaceOrientations_iPhone = "UIInterfaceOrientationPortrait UIInterfaceOrientationLandscapeLeft UIInterfaceOrientationLandscapeRight";
				LD_RUNPATH_SEARCH_PATHS = (
					"$(inherited)",
					"@executable_path/Frameworks",
				);
				MARKETING_VERSION = 1.0;
				PRODUCT_BUNDLE_IDENTIFIER = jungayang.vitalcheck;
				PRODUCT_NAME = "$(TARGET_NAME)";
				SWIFT_EMIT_LOC_STRINGS = YES;
				SWIFT_OBJC_BRIDGING_HEADER = "vitalcheck/vitalcheck-Bridging-Header.h";
				SWIFT_OPTIMIZATION_LEVEL = "-Onone";
				SWIFT_VERSION = 5.0;
				TARGETED_DEVICE_FAMILY = "1,2";
			};
			name = Debug;
		};
		E2A8F6942BE7BD540009F43F /* Release */ = {
			isa = XCBuildConfiguration;
			buildSettings = {
				ASSETCATALOG_COMPILER_APPICON_NAME = AppIcon;
				ASSETCATALOG_COMPILER_GLOBAL_ACCENT_COLOR_NAME = AccentColor;
				CLANG_ENABLE_MODULES = YES;
				CODE_SIGN_STYLE = Automatic;
				CURRENT_PROJECT_VERSION = 1;
				DEVELOPMENT_ASSET_PATHS = "\"vitalcheck/Preview Content\"";
				ENABLE_PREVIEWS = YES;
				GENERATE_INFOPLIST_FILE = YES;
				INFOPLIST_KEY_UIApplicationSceneManifest_Generation = YES;
				INFOPLIST_KEY_UIApplicationSupportsIndirectInputEvents = YES;
				INFOPLIST_KEY_UILaunchScreen_Generation = YES;
				INFOPLIST_KEY_UISupportedInterfaceOrientations_iPad = "UIInterfaceOrientationPortrait UIInterfaceOrientationPortraitUpsideDown UIInterfaceOrientationLandscapeLeft UIInterfaceOrientationLandscapeRight";
				INFOPLIST_KEY_UISupportedInterfaceOrientations_iPhone = "UIInterfaceOrientationPortrait UIInterfaceOrientationLandscapeLeft UIInterfaceOrientationLandscapeRight";
				LD_RUNPATH_SEARCH_PATHS = (
					"$(inherited)",
					"@executable_path/Frameworks",
				);
				MARKETING_VERSION = 1.0;
				PRODUCT_BUNDLE_IDENTIFIER = jungayang.vitalcheck;
				PRODUCT_NAME = "$(TARGET_NAME)";
				SWIFT_EMIT_LOC_STRINGS = YES;
				SWIFT_OBJC_BRIDGING_HEADER = "vitalcheck/vitalcheck-Bridging-Header.h";
				SWIFT_VERSION = 5.0;
				TARGETED_DEVICE_FAMILY = "1,2";
			};
			name = Release;
		};
/* End XCBuildConfiguration section */

/* Begin XCConfigurationList section */
		E2A8F67A2BE7BD510009F43F /* Build configuration list for PBXProject "Vitalcheck" */ = {
			isa = XCConfigurationList;
			buildConfigurations = (
				E2A8F6902BE7BD540009F43F /* Debug */,
				E2A8F6912BE7BD540009F43F /* Release */,
			);
			defaultConfigurationIsVisible = 0;
			defaultConfigurationName = Release;
		};
		E2A8F6922BE7BD540009F43F /* Build configuration list for PBXNativeTarget "Vitalcheck" */ = {
			isa = XCConfigurationList;
			buildConfigurations = (
				E2A8F6932BE7BD540009F43F /* Debug */,
				E2A8F6942BE7BD540009F43F /* Release */,
			);
			defaultConfigurationIsVisible = 0;
			defaultConfigurationName = Release;
		};
/* End XCConfigurationList section */

/* Begin XCVersionGroup section */
		E2A8F68D2BE7BD540009F43F /* vitalcheck.xcdatamodeld */ = {
			isa = XCVersionGroup;
			children = (
				E2A8F68E2BE7BD540009F43F /* vitalcheck.xcdatamodel */,
			);
			currentVersion = E2A8F68E2BE7BD540009F43F /* vitalcheck.xcdatamodel */;
			path = vitalcheck.xcdatamodeld;
			sourceTree = "<group>";
			versionGroupType = wrapper.xcdatamodel;
		};
/* End XCVersionGroup section */
	};
	rootObject = E2A8F6772BE7BD510009F43F /* Project object */;
}
